
Microsoft Visual Studio Solution File, Format Version 12.00
# Visual Studio Version 17
VisualStudioVersion = 17.1.32407.343
MinimumVisualStudioVersion = 10.0.40219.1
Project("{FAE04EC0-301F-11D3-BF4B-00C04F79EFBC}") = "AcrImportConsoleTest", "AcrImportConsoleTest\AcrImportConsoleTest.csproj", "{461AB562-AD1A-43F0-99A8-93367B308859}"
EndProject
Global
	GlobalSection(SolutionConfigurationPlatforms) = preSolution
		Debug|Any CPU = Debug|Any CPU
		Release|Any CPU = Release|Any CPU
	EndGlobalSection
	GlobalSection(ProjectConfigurationPlatforms) = postSolution
		{461AB562-AD1A-43F0-99A8-93367B308859}.Debug|Any CPU.ActiveCfg = Debug|Any CPU
		{461AB562-AD1A-43F0-99A8-93367B308859}.Debug|Any CPU.Build.0 = Debug|Any CPU
		{461AB562-AD1A-43F0-99A8-93367B308859}.Release|Any CPU.ActiveCfg = Release|Any CPU
		{461AB562-AD1A-43F0-99A8-93367B308859}.Release|Any CPU.Build.0 = Release|Any CPU
	EndGlobalSection
	GlobalSection(SolutionProperties) = preSolution
		HideSolutionNode = FALSE
	EndGlobalSection
	GlobalSection(ExtensibilityGlobals) = postSolution
		SolutionGuid = {24347CCF-D90F-4007-BA11-F98EA6317D36}
	EndGlobalSection
EndGlobal
